
Microsoft Visual Studio Solution File, Format Version 12.00
# Visual Studio Version 17
VisualStudioVersion = 17.14.36429.23
MinimumVisualStudioVersion = 10.0.40219.1
Project("{2150E333-8FDC-42A3-9474-1A3956D46DE8}") = "1. presentacion", "1. presentacion", "{146C5A90-3B8E-465A-A6B8-81F2CCE8D498}"
EndProject
Project("{2150E333-8FDC-42A3-9474-1A3956D46DE8}") = "2. servicios", "2. servicios", "{01200889-A79E-4B8F-ACDA-5264B3C4ACAD}"
EndProject
Project("{2150E333-8FDC-42A3-9474-1A3956D46DE8}") = "3. nucleo", "3. nucleo", "{39B3B395-323F-4B16-A513-848C8806A2EA}"
EndProject
Project("{2150E333-8FDC-42A3-9474-1A3956D46DE8}") = "4. pruebas unitarias", "4. pruebas unitarias", "{BFED23CD-BF6C-4410-AA19-FFFA73001134}"
EndProject
Project("{FAE04EC0-301F-11D3-BF4B-00C04F79EFBC}") = "lib__dominio", "lib__dominio\lib__dominio.csproj", "{86A570C0-1CF1-47EB-B679-BEC58A7E6E0E}"
EndProject
Project("{FAE04EC0-301F-11D3-BF4B-00C04F79EFBC}") = "lib__repositorios", "lib__repositorios\lib__repositorios.csproj", "{DCA36BD3-4F93-427C-A1F5-436950758D14}"
EndProject
Project("{FAE04EC0-301F-11D3-BF4B-00C04F79EFBC}") = "lib_aplicaciones", "lib_aplicaciones\lib_aplicaciones.csproj", "{6DE5EA5C-449C-4E60-AA0D-C0D74728BC0B}"
EndProject
Project("{2150E333-8FDC-42A3-9474-1A3956D46DE8}") = "Items Solution", "Items Solution", "{02EA681E-C7D8-13C7-8484-4AC65E1B71E8}"
	ProjectSection(SolutionItems) = preProject
		secrets.json = secrets.json
	EndProjectSection
EndProject
Project("{FAE04EC0-301F-11D3-BF4B-00C04F79EFBC}") = "ut_presentacion", "ut_presentacion\ut_presentacion.csproj", "{DEA34856-0A7F-4059-8595-5C9C201E56F5}"
EndProject
Global
	GlobalSection(SolutionConfigurationPlatforms) = preSolution
		Debug|Any CPU = Debug|Any CPU
		Release|Any CPU = Release|Any CPU
	EndGlobalSection
	GlobalSection(ProjectConfigurationPlatforms) = postSolution
		{86A570C0-1CF1-47EB-B679-BEC58A7E6E0E}.Debug|Any CPU.ActiveCfg = Debug|Any CPU
		{86A570C0-1CF1-47EB-B679-BEC58A7E6E0E}.Debug|Any CPU.Build.0 = Debug|Any CPU
		{86A570C0-1CF1-47EB-B679-BEC58A7E6E0E}.Release|Any CPU.ActiveCfg = Release|Any CPU
		{86A570C0-1CF1-47EB-B679-BEC58A7E6E0E}.Release|Any CPU.Build.0 = Release|Any CPU
		{DCA36BD3-4F93-427C-A1F5-436950758D14}.Debug|Any CPU.ActiveCfg = Debug|Any CPU
		{DCA36BD3-4F93-427C-A1F5-436950758D14}.Debug|Any CPU.Build.0 = Debug|Any CPU
		{DCA36BD3-4F93-427C-A1F5-436950758D14}.Release|Any CPU.ActiveCfg = Release|Any CPU
		{DCA36BD3-4F93-427C-A1F5-436950758D14}.Release|Any CPU.Build.0 = Release|Any CPU
		{6DE5EA5C-449C-4E60-AA0D-C0D74728BC0B}.Debug|Any CPU.ActiveCfg = Debug|Any CPU
		{6DE5EA5C-449C-4E60-AA0D-C0D74728BC0B}.Debug|Any CPU.Build.0 = Debug|Any CPU
		{6DE5EA5C-449C-4E60-AA0D-C0D74728BC0B}.Release|Any CPU.ActiveCfg = Release|Any CPU
		{6DE5EA5C-449C-4E60-AA0D-C0D74728BC0B}.Release|Any CPU.Build.0 = Release|Any CPU
		{DEA34856-0A7F-4059-8595-5C9C201E56F5}.Debug|Any CPU.ActiveCfg = Debug|Any CPU
		{DEA34856-0A7F-4059-8595-5C9C201E56F5}.Debug|Any CPU.Build.0 = Debug|Any CPU
		{DEA34856-0A7F-4059-8595-5C9C201E56F5}.Release|Any CPU.ActiveCfg = Release|Any CPU
		{DEA34856-0A7F-4059-8595-5C9C201E56F5}.Release|Any CPU.Build.0 = Release|Any CPU
	EndGlobalSection
	GlobalSection(SolutionProperties) = preSolution
		HideSolutionNode = FALSE
	EndGlobalSection
	GlobalSection(NestedProjects) = preSolution
		{86A570C0-1CF1-47EB-B679-BEC58A7E6E0E} = {39B3B395-323F-4B16-A513-848C8806A2EA}
		{DCA36BD3-4F93-427C-A1F5-436950758D14} = {01200889-A79E-4B8F-ACDA-5264B3C4ACAD}
		{6DE5EA5C-449C-4E60-AA0D-C0D74728BC0B} = {01200889-A79E-4B8F-ACDA-5264B3C4ACAD}
		{DEA34856-0A7F-4059-8595-5C9C201E56F5} = {BFED23CD-BF6C-4410-AA19-FFFA73001134}
	EndGlobalSection
	GlobalSection(ExtensibilityGlobals) = postSolution
		SolutionGuid = {4CB7CE1F-C02A-4111-8CEF-C8E634640667}
	EndGlobalSection
EndGlobal
